// !$*UTF8*$!
{
	archiveVersion = 1;
	classes = {
	};
	objectVersion = 55;
	objects = {

/* Begin PBXBuildFile section */
		0312B3422881C62B00DA9494 /* MainAssembly.swift in Sources */ = {isa = PBXBuildFile; fileRef = 0312B3412881C62B00DA9494 /* MainAssembly.swift */; };
		0312B3442881C64500DA9494 /* CardModel.swift in Sources */ = {isa = PBXBuildFile; fileRef = 0312B3432881C64500DA9494 /* CardModel.swift */; };
		0312B3462881C67200DA9494 /* MainCardTablePresenter.swift in Sources */ = {isa = PBXBuildFile; fileRef = 0312B3452881C67200DA9494 /* MainCardTablePresenter.swift */; };
		0312B34A2881C6B100DA9494 /* CardInfoViewController.swift in Sources */ = {isa = PBXBuildFile; fileRef = 0312B3492881C6B100DA9494 /* CardInfoViewController.swift */; };
		0312B34C2881C6CC00DA9494 /* CardCell.swift in Sources */ = {isa = PBXBuildFile; fileRef = 0312B34B2881C6CC00DA9494 /* CardCell.swift */; };
		0312B34E2881C6FD00DA9494 /* MainCardTableViewController.swift in Sources */ = {isa = PBXBuildFile; fileRef = 0312B34D2881C6FD00DA9494 /* MainCardTableViewController.swift */; };
		0312B3502881C73D00DA9494 /* MainCardTableViewControllerInput.swift in Sources */ = {isa = PBXBuildFile; fileRef = 0312B34F2881C73D00DA9494 /* MainCardTableViewControllerInput.swift */; };
		0312B3522881C74D00DA9494 /* MainCardTableViewControllerOutput.swift in Sources */ = {isa = PBXBuildFile; fileRef = 0312B3512881C74D00DA9494 /* MainCardTableViewControllerOutput.swift */; };
		03C741E42881C29A0061AC44 /* AppDelegate.swift in Sources */ = {isa = PBXBuildFile; fileRef = 03C741E32881C29A0061AC44 /* AppDelegate.swift */; };
		03C741ED2881C29B0061AC44 /* Assets.xcassets in Resources */ = {isa = PBXBuildFile; fileRef = 03C741EC2881C29B0061AC44 /* Assets.xcassets */; };
		03C741F02881C29B0061AC44 /* LaunchScreen.storyboard in Resources */ = {isa = PBXBuildFile; fileRef = 03C741EE2881C29B0061AC44 /* LaunchScreen.storyboard */; };
		EAADF5EF7945BFC252712BC3 /* Pods_AlamofireTest.framework in Frameworks */ = {isa = PBXBuildFile; fileRef = D00FBBC67FB734A35E16D122 /* Pods_AlamofireTest.framework */; };
/* End PBXBuildFile section */

/* Begin PBXFileReference section */
		0312B3412881C62B00DA9494 /* MainAssembly.swift */ = {isa = PBXFileReference; lastKnownFileType = sourcecode.swift; path = MainAssembly.swift; sourceTree = "<group>"; };
		0312B3432881C64500DA9494 /* CardModel.swift */ = {isa = PBXFileReference; lastKnownFileType = sourcecode.swift; path = CardModel.swift; sourceTree = "<group>"; };
		0312B3452881C67200DA9494 /* MainCardTablePresenter.swift */ = {isa = PBXFileReference; lastKnownFileType = sourcecode.swift; path = MainCardTablePresenter.swift; sourceTree = "<group>"; };
		0312B3492881C6B100DA9494 /* CardInfoViewController.swift */ = {isa = PBXFileReference; lastKnownFileType = sourcecode.swift; path = CardInfoViewController.swift; sourceTree = "<group>"; };
		0312B34B2881C6CC00DA9494 /* CardCell.swift */ = {isa = PBXFileReference; lastKnownFileType = sourcecode.swift; path = CardCell.swift; sourceTree = "<group>"; };
		0312B34D2881C6FD00DA9494 /* MainCardTableViewController.swift */ = {isa = PBXFileReference; lastKnownFileType = sourcecode.swift; path = MainCardTableViewController.swift; sourceTree = "<group>"; };
		0312B34F2881C73D00DA9494 /* MainCardTableViewControllerInput.swift */ = {isa = PBXFileReference; lastKnownFileType = sourcecode.swift; path = MainCardTableViewControllerInput.swift; sourceTree = "<group>"; };
		0312B3512881C74D00DA9494 /* MainCardTableViewControllerOutput.swift */ = {isa = PBXFileReference; lastKnownFileType = sourcecode.swift; path = MainCardTableViewControllerOutput.swift; sourceTree = "<group>"; };
		03C741E02881C29A0061AC44 /* AlamofireTest.app */ = {isa = PBXFileReference; explicitFileType = wrapper.application; includeInIndex = 0; path = AlamofireTest.app; sourceTree = BUILT_PRODUCTS_DIR; };
		03C741E32881C29A0061AC44 /* AppDelegate.swift */ = {isa = PBXFileReference; lastKnownFileType = sourcecode.swift; path = AppDelegate.swift; sourceTree = "<group>"; };
		03C741EC2881C29B0061AC44 /* Assets.xcassets */ = {isa = PBXFileReference; lastKnownFileType = folder.assetcatalog; path = Assets.xcassets; sourceTree = "<group>"; };
		03C741EF2881C29B0061AC44 /* Base */ = {isa = PBXFileReference; lastKnownFileType = file.storyboard; name = Base; path = Base.lproj/LaunchScreen.storyboard; sourceTree = "<group>"; };
		03C741F12881C29B0061AC44 /* Info.plist */ = {isa = PBXFileReference; lastKnownFileType = text.plist.xml; path = Info.plist; sourceTree = "<group>"; };
		699D7E5C708A50E2264763F9 /* Pods-AlamofireTest.release.xcconfig */ = {isa = PBXFileReference; includeInIndex = 1; lastKnownFileType = text.xcconfig; name = "Pods-AlamofireTest.release.xcconfig"; path = "Target Support Files/Pods-AlamofireTest/Pods-AlamofireTest.release.xcconfig"; sourceTree = "<group>"; };
		D00FBBC67FB734A35E16D122 /* Pods_AlamofireTest.framework */ = {isa = PBXFileReference; explicitFileType = wrapper.framework; includeInIndex = 0; path = Pods_AlamofireTest.framework; sourceTree = BUILT_PRODUCTS_DIR; };
		EB28A7004290EF68B63C8C4C /* Pods-AlamofireTest.debug.xcconfig */ = {isa = PBXFileReference; includeInIndex = 1; lastKnownFileType = text.xcconfig; name = "Pods-AlamofireTest.debug.xcconfig"; path = "Target Support Files/Pods-AlamofireTest/Pods-AlamofireTest.debug.xcconfig"; sourceTree = "<group>"; };
/* End PBXFileReference section */

/* Begin PBXFrameworksBuildPhase section */
		03C741DD2881C29A0061AC44 /* Frameworks */ = {
			isa = PBXFrameworksBuildPhase;
			buildActionMask = 2147483647;
			files = (
				EAADF5EF7945BFC252712BC3 /* Pods_AlamofireTest.framework in Frameworks */,
			);
			runOnlyForDeploymentPostprocessing = 0;
		};
/* End PBXFrameworksBuildPhase section */

/* Begin PBXGroup section */
		0312B3392881C58800DA9494 /* Resources */ = {
			isa = PBXGroup;
			children = (
				0312B3542881C81000DA9494 /* Storyboards */,
				0312B3532881C80800DA9494 /* Config */,
			);
			path = Resources;
			sourceTree = "<group>";
		};
		0312B33A2881C58F00DA9494 /* Sources */ = {
			isa = PBXGroup;
			children = (
				0312B33B2881C5B300DA9494 /* App */,
				0312B33C2881C5C100DA9494 /* MainCardTable */,
			);
			path = Sources;
			sourceTree = "<group>";
		};
		0312B33B2881C5B300DA9494 /* App */ = {
			isa = PBXGroup;
			children = (
				03C741E32881C29A0061AC44 /* AppDelegate.swift */,
			);
			path = App;
			sourceTree = "<group>";
		};
		0312B33C2881C5C100DA9494 /* MainCardTable */ = {
			isa = PBXGroup;
			children = (
				0312B3402881C61300DA9494 /* Assembly */,
				0312B33F2881C60F00DA9494 /* Model */,
				0312B33E2881C60700DA9494 /* View */,
				0312B33D2881C5FB00DA9494 /* Presenter */,
			);
			path = MainCardTable;
			sourceTree = "<group>";
		};
		0312B33D2881C5FB00DA9494 /* Presenter */ = {
			isa = PBXGroup;
			children = (
				0312B3452881C67200DA9494 /* MainCardTablePresenter.swift */,
			);
			path = Presenter;
			sourceTree = "<group>";
		};
		0312B33E2881C60700DA9494 /* View */ = {
			isa = PBXGroup;
			children = (
				0312B3472881C69800DA9494 /* CardView */,
				0312B3482881C69C00DA9494 /* Cell */,
				0312B34D2881C6FD00DA9494 /* MainCardTableViewController.swift */,
				0312B34F2881C73D00DA9494 /* MainCardTableViewControllerInput.swift */,
				0312B3512881C74D00DA9494 /* MainCardTableViewControllerOutput.swift */,
			);
			path = View;
			sourceTree = "<group>";
		};
		0312B33F2881C60F00DA9494 /* Model */ = {
			isa = PBXGroup;
			children = (
				0312B3432881C64500DA9494 /* CardModel.swift */,
			);
			path = Model;
			sourceTree = "<group>";
		};
		0312B3402881C61300DA9494 /* Assembly */ = {
			isa = PBXGroup;
			children = (
				0312B3412881C62B00DA9494 /* MainAssembly.swift */,
			);
			path = Assembly;
			sourceTree = "<group>";
		};
		0312B3472881C69800DA9494 /* CardView */ = {
			isa = PBXGroup;
			children = (
				0312B3492881C6B100DA9494 /* CardInfoViewController.swift */,
			);
			path = CardView;
			sourceTree = "<group>";
		};
		0312B3482881C69C00DA9494 /* Cell */ = {
			isa = PBXGroup;
			children = (
				0312B34B2881C6CC00DA9494 /* CardCell.swift */,
			);
			path = Cell;
			sourceTree = "<group>";
		};
		0312B3532881C80800DA9494 /* Config */ = {
			isa = PBXGroup;
			children = (
				03C741F12881C29B0061AC44 /* Info.plist */,
			);
			path = Config;
			sourceTree = "<group>";
		};
		0312B3542881C81000DA9494 /* Storyboards */ = {
			isa = PBXGroup;
			children = (
				03C741EE2881C29B0061AC44 /* LaunchScreen.storyboard */,
			);
			path = Storyboards;
			sourceTree = "<group>";
		};
		03C741D72881C29A0061AC44 = {
			isa = PBXGroup;
			children = (
				03C741E22881C29A0061AC44 /* AlamofireTest */,
				03C741E12881C29A0061AC44 /* Products */,
				6FD13FA55E29B2370FD7F96D /* Pods */,
				F8A1DFEBB27D110B6FA14862 /* Frameworks */,
			);
			sourceTree = "<group>";
		};
		03C741E12881C29A0061AC44 /* Products */ = {
			isa = PBXGroup;
			children = (
				03C741E02881C29A0061AC44 /* AlamofireTest.app */,
			);
			name = Products;
			sourceTree = "<group>";
		};
		03C741E22881C29A0061AC44 /* AlamofireTest */ = {
			isa = PBXGroup;
			children = (
				0312B33A2881C58F00DA9494 /* Sources */,
				0312B3392881C58800DA9494 /* Resources */,
				03C741EC2881C29B0061AC44 /* Assets.xcassets */,
			);
			path = AlamofireTest;
			sourceTree = "<group>";
		};
		6FD13FA55E29B2370FD7F96D /* Pods */ = {
			isa = PBXGroup;
			children = (
				EB28A7004290EF68B63C8C4C /* Pods-AlamofireTest.debug.xcconfig */,
				699D7E5C708A50E2264763F9 /* Pods-AlamofireTest.release.xcconfig */,
			);
			path = Pods;
			sourceTree = "<group>";
		};
		F8A1DFEBB27D110B6FA14862 /* Frameworks */ = {
			isa = PBXGroup;
			children = (
				D00FBBC67FB734A35E16D122 /* Pods_AlamofireTest.framework */,
			);
			name = Frameworks;
			sourceTree = "<group>";
		};
/* End PBXGroup section */

/* Begin PBXNativeTarget section */
		03C741DF2881C29A0061AC44 /* AlamofireTest */ = {
			isa = PBXNativeTarget;
			buildConfigurationList = 03C741F42881C29B0061AC44 /* Build configuration list for PBXNativeTarget "AlamofireTest" */;
			buildPhases = (
				436C4EDBAD66DBA2406C545A /* [CP] Check Pods Manifest.lock */,
				03C741DC2881C29A0061AC44 /* Sources */,
				03C741DD2881C29A0061AC44 /* Frameworks */,
				03C741DE2881C29A0061AC44 /* Resources */,
				427BF47362C78A7E58AD5208 /* [CP] Embed Pods Frameworks */,
			);
			buildRules = (
			);
			dependencies = (
			);
			name = AlamofireTest;
			productName = AlamofireTest;
			productReference = 03C741E02881C29A0061AC44 /* AlamofireTest.app */;
			productType = "com.apple.product-type.application";
		};
/* End PBXNativeTarget section */

/* Begin PBXProject section */
		03C741D82881C29A0061AC44 /* Project object */ = {
			isa = PBXProject;
			attributes = {
				BuildIndependentTargetsInParallel = 1;
				LastSwiftUpdateCheck = 1320;
				LastUpgradeCheck = 1320;
				TargetAttributes = {
					03C741DF2881C29A0061AC44 = {
						CreatedOnToolsVersion = 13.2.1;
					};
				};
			};
			buildConfigurationList = 03C741DB2881C29A0061AC44 /* Build configuration list for PBXProject "AlamofireTest" */;
			compatibilityVersion = "Xcode 13.0";
			developmentRegion = en;
			hasScannedForEncodings = 0;
			knownRegions = (
				en,
				Base,
			);
			mainGroup = 03C741D72881C29A0061AC44;
			productRefGroup = 03C741E12881C29A0061AC44 /* Products */;
			projectDirPath = "";
			projectRoot = "";
			targets = (
				03C741DF2881C29A0061AC44 /* AlamofireTest */,
			);
		};
/* End PBXProject section */

/* Begin PBXResourcesBuildPhase section */
		03C741DE2881C29A0061AC44 /* Resources */ = {
			isa = PBXResourcesBuildPhase;
			buildActionMask = 2147483647;
			files = (
				03C741F02881C29B0061AC44 /* LaunchScreen.storyboard in Resources */,
				03C741ED2881C29B0061AC44 /* Assets.xcassets in Resources */,
			);
			runOnlyForDeploymentPostprocessing = 0;
		};
/* End PBXResourcesBuildPhase section */

/* Begin PBXShellScriptBuildPhase section */
		427BF47362C78A7E58AD5208 /* [CP] Embed Pods Frameworks */ = {
			isa = PBXShellScriptBuildPhase;
			buildActionMask = 2147483647;
			files = (
			);
			inputFileListPaths = (
				"${PODS_ROOT}/Target Support Files/Pods-AlamofireTest/Pods-AlamofireTest-frameworks-${CONFIGURATION}-input-files.xcfilelist",
			);
			name = "[CP] Embed Pods Frameworks";
			outputFileListPaths = (
				"${PODS_ROOT}/Target Support Files/Pods-AlamofireTest/Pods-AlamofireTest-frameworks-${CONFIGURATION}-output-files.xcfilelist",
			);
			runOnlyForDeploymentPostprocessing = 0;
			shellPath = /bin/sh;
			shellScript = "\"${PODS_ROOT}/Target Support Files/Pods-AlamofireTest/Pods-AlamofireTest-frameworks.sh\"\n";
			showEnvVarsInLog = 0;
		};
		436C4EDBAD66DBA2406C545A /* [CP] Check Pods Manifest.lock */ = {
			isa = PBXShellScriptBuildPhase;
			buildActionMask = 2147483647;
			files = (
			);
			inputFileListPaths = (
			);
			inputPaths = (
				"${PODS_PODFILE_DIR_PATH}/Podfile.lock",
				"${PODS_ROOT}/Manifest.lock",
			);
			name = "[CP] Check Pods Manifest.lock";
			outputFileListPaths = (
			);
			outputPaths = (
				"$(DERIVED_FILE_DIR)/Pods-AlamofireTest-checkManifestLockResult.txt",
			);
			runOnlyForDeploymentPostprocessing = 0;
			shellPath = /bin/sh;
			shellScript = "diff \"${PODS_PODFILE_DIR_PATH}/Podfile.lock\" \"${PODS_ROOT}/Manifest.lock\" > /dev/null\nif [ $? != 0 ] ; then\n    # print error to STDERR\n    echo \"error: The sandbox is not in sync with the Podfile.lock. Run 'pod install' or update your CocoaPods installation.\" >&2\n    exit 1\nfi\n# This output is used by Xcode 'outputs' to avoid re-running this script phase.\necho \"SUCCESS\" > \"${SCRIPT_OUTPUT_FILE_0}\"\n";
			showEnvVarsInLog = 0;
		};
/* End PBXShellScriptBuildPhase section */

/* Begin PBXSourcesBuildPhase section */
		03C741DC2881C29A0061AC44 /* Sources */ = {
			isa = PBXSourcesBuildPhase;
			buildActionMask = 2147483647;
			files = (
				0312B34A2881C6B100DA9494 /* CardInfoViewController.swift in Sources */,
				0312B3462881C67200DA9494 /* MainCardTablePresenter.swift in Sources */,
				0312B3522881C74D00DA9494 /* MainCardTableViewControllerOutput.swift in Sources */,
				0312B34C2881C6CC00DA9494 /* CardCell.swift in Sources */,
				03C741E42881C29A0061AC44 /* AppDelegate.swift in Sources */,
				0312B3422881C62B00DA9494 /* MainAssembly.swift in Sources */,
				0312B34E2881C6FD00DA9494 /* MainCardTableViewController.swift in Sources */,
				0312B3442881C64500DA9494 /* CardModel.swift in Sources */,
				0312B3502881C73D00DA9494 /* MainCardTableViewControllerInput.swift in Sources */,
			);
			runOnlyForDeploymentPostprocessing = 0;
		};
/* End PBXSourcesBuildPhase section */

/* Begin PBXVariantGroup section */
		03C741EE2881C29B0061AC44 /* LaunchScreen.storyboard */ = {
			isa = PBXVariantGroup;
			children = (
				03C741EF2881C29B0061AC44 /* Base */,
			);
			name = LaunchScreen.storyboard;
			sourceTree = "<group>";
		};
/* End PBXVariantGroup section */

/* Begin XCBuildConfiguration section */
		03C741F22881C29B0061AC44 /* Debug */ = {
			isa = XCBuildConfiguration;
			buildSettings = {
				ALWAYS_SEARCH_USER_PATHS = NO;
				CLANG_ANALYZER_NONNULL = YES;
				CLANG_ANALYZER_NUMBER_OBJECT_CONVERSION = YES_AGGRESSIVE;
				CLANG_CXX_LANGUAGE_STANDARD = "gnu++17";
				CLANG_CXX_LIBRARY = "libc++";
				CLANG_ENABLE_MODULES = YES;
				CLANG_ENABLE_OBJC_ARC = YES;
				CLANG_ENABLE_OBJC_WEAK = YES;
				CLANG_WARN_BLOCK_CAPTURE_AUTORELEASING = YES;
				CLANG_WARN_BOOL_CONVERSION = YES;
				CLANG_WARN_COMMA = YES;
				CLANG_WARN_CONSTANT_CONVERSION = YES;
				CLANG_WARN_DEPRECATED_OBJC_IMPLEMENTATIONS = YES;
				CLANG_WARN_DIRECT_OBJC_ISA_USAGE = YES_ERROR;
				CLANG_WARN_DOCUMENTATION_COMMENTS = YES;
				CLANG_WARN_EMPTY_BODY = YES;
				CLANG_WARN_ENUM_CONVERSION = YES;
				CLANG_WARN_INFINITE_RECURSION = YES;
				CLANG_WARN_INT_CONVERSION = YES;
				CLANG_WARN_NON_LITERAL_NULL_CONVERSION = YES;
				CLANG_WARN_OBJC_IMPLICIT_RETAIN_SELF = YES;
				CLANG_WARN_OBJC_LITERAL_CONVERSION = YES;
				CLANG_WARN_OBJC_ROOT_CLASS = YES_ERROR;
				CLANG_WARN_QUOTED_INCLUDE_IN_FRAMEWORK_HEADER = YES;
				CLANG_WARN_RANGE_LOOP_ANALYSIS = YES;
				CLANG_WARN_STRICT_PROTOTYPES = YES;
				CLANG_WARN_SUSPICIOUS_MOVE = YES;
				CLANG_WARN_UNGUARDED_AVAILABILITY = YES_AGGRESSIVE;
				CLANG_WARN_UNREACHABLE_CODE = YES;
				CLANG_WARN__DUPLICATE_METHOD_MATCH = YES;
				COPY_PHASE_STRIP = NO;
				DEBUG_INFORMATION_FORMAT = dwarf;
				ENABLE_STRICT_OBJC_MSGSEND = YES;
				ENABLE_TESTABILITY = YES;
				GCC_C_LANGUAGE_STANDARD = gnu11;
				GCC_DYNAMIC_NO_PIC = NO;
				GCC_NO_COMMON_BLOCKS = YES;
				GCC_OPTIMIZATION_LEVEL = 0;
				GCC_PREPROCESSOR_DEFINITIONS = (
					"DEBUG=1",
					"$(inherited)",
				);
				GCC_WARN_64_TO_32_BIT_CONVERSION = YES;
				GCC_WARN_ABOUT_RETURN_TYPE = YES_ERROR;
				GCC_WARN_UNDECLARED_SELECTOR = YES;
				GCC_WARN_UNINITIALIZED_AUTOS = YES_AGGRESSIVE;
				GCC_WARN_UNUSED_FUNCTION = YES;
				GCC_WARN_UNUSED_VARIABLE = YES;
				IPHONEOS_DEPLOYMENT_TARGET = 15.2;
				MTL_ENABLE_DEBUG_INFO = INCLUDE_SOURCE;
				MTL_FAST_MATH = YES;
				ONLY_ACTIVE_ARCH = YES;
				SDKROOT = iphoneos;
				SWIFT_ACTIVE_COMPILATION_CONDITIONS = DEBUG;
				SWIFT_OPTIMIZATION_LEVEL = "-Onone";
			};
			name = Debug;
		};
		03C741F32881C29B0061AC44 /* Release */ = {
			isa = XCBuildConfiguration;
			buildSettings = {
				ALWAYS_SEARCH_USER_PATHS = NO;
				CLANG_ANALYZER_NONNULL = YES;
				CLANG_ANALYZER_NUMBER_OBJECT_CONVERSION = YES_AGGRESSIVE;
				CLANG_CXX_LANGUAGE_STANDARD = "gnu++17";
				CLANG_CXX_LIBRARY = "libc++";
				CLANG_ENABLE_MODULES = YES;
				CLANG_ENABLE_OBJC_ARC = YES;
				CLANG_ENABLE_OBJC_WEAK = YES;
				CLANG_WARN_BLOCK_CAPTURE_AUTORELEASING = YES;
				CLANG_WARN_BOOL_CONVERSION = YES;
				CLANG_WARN_COMMA = YES;
				CLANG_WARN_CONSTANT_CONVERSION = YES;
				CLANG_WARN_DEPRECATED_OBJC_IMPLEMENTATIONS = YES;
				CLANG_WARN_DIRECT_OBJC_ISA_USAGE = YES_ERROR;
				CLANG_WARN_DOCUMENTATION_COMMENTS = YES;
				CLANG_WARN_EMPTY_BODY = YES;
				CLANG_WARN_ENUM_CONVERSION = YES;
				CLANG_WARN_INFINITE_RECURSION = YES;
				CLANG_WARN_INT_CONVERSION = YES;
				CLANG_WARN_NON_LITERAL_NULL_CONVERSION = YES;
				CLANG_WARN_OBJC_IMPLICIT_RETAIN_SELF = YES;
				CLANG_WARN_OBJC_LITERAL_CONVERSION = YES;
				CLANG_WARN_OBJC_ROOT_CLASS = YES_ERROR;
				CLANG_WARN_QUOTED_INCLUDE_IN_FRAMEWORK_HEADER = YES;
				CLANG_WARN_RANGE_LOOP_ANALYSIS = YES;
				CLANG_WARN_STRICT_PROTOTYPES = YES;
				CLANG_WARN_SUSPICIOUS_MOVE = YES;
				CLANG_WARN_UNGUARDED_AVAILABILITY = YES_AGGRESSIVE;
				CLANG_WARN_UNREACHABLE_CODE = YES;
				CLANG_WARN__DUPLICATE_METHOD_MATCH = YES;
				COPY_PHASE_STRIP = NO;
				DEBUG_INFORMATION_FORMAT = "dwarf-with-dsym";
				ENABLE_NS_ASSERTIONS = NO;
				ENABLE_STRICT_OBJC_MSGSEND = YES;
				GCC_C_LANGUAGE_STANDARD = gnu11;
				GCC_NO_COMMON_BLOCKS = YES;
				GCC_WARN_64_TO_32_BIT_CONVERSION = YES;
				GCC_WARN_ABOUT_RETURN_TYPE = YES_ERROR;
				GCC_WARN_UNDECLARED_SELECTOR = YES;
				GCC_WARN_UNINITIALIZED_AUTOS = YES_AGGRESSIVE;
				GCC_WARN_UNUSED_FUNCTION = YES;
				GCC_WARN_UNUSED_VARIABLE = YES;
				IPHONEOS_DEPLOYMENT_TARGET = 15.2;
				MTL_ENABLE_DEBUG_INFO = NO;
				MTL_FAST_MATH = YES;
				SDKROOT = iphoneos;
				SWIFT_COMPILATION_MODE = wholemodule;
				SWIFT_OPTIMIZATION_LEVEL = "-O";
				VALIDATE_PRODUCT = YES;
			};
			name = Release;
		};
		03C741F52881C29B0061AC44 /* Debug */ = {
			isa = XCBuildConfiguration;
			baseConfigurationReference = EB28A7004290EF68B63C8C4C /* Pods-AlamofireTest.debug.xcconfig */;
			buildSettings = {
				ASSETCATALOG_COMPILER_APPICON_NAME = AppIcon;
				ASSETCATALOG_COMPILER_GLOBAL_ACCENT_COLOR_NAME = AccentColor;
				CODE_SIGN_STYLE = Automatic;
				CURRENT_PROJECT_VERSION = 1;
				GENERATE_INFOPLIST_FILE = YES;
				INFOPLIST_FILE = AlamofireTest/Resources/Config/Info.plist;
				INFOPLIST_KEY_UIApplicationSupportsIndirectInputEvents = YES;
				INFOPLIST_KEY_UILaunchStoryboardName = LaunchScreen;
				INFOPLIST_KEY_UIMainStoryboardFile = LaunchScreen;
				INFOPLIST_KEY_UISupportedInterfaceOrientations_iPad = "UIInterfaceOrientationPortrait UIInterfaceOrientationPortraitUpsideDown UIInterfaceOrientationLandscapeLeft UIInterfaceOrientationLandscapeRight";
				INFOPLIST_KEY_UISupportedInterfaceOrientations_iPhone = "UIInterfaceOrientationPortrait UIInterfaceOrientationLandscapeLeft UIInterfaceOrientationLandscapeRight";
				LD_RUNPATH_SEARCH_PATHS = (
					"$(inherited)",
					"@executable_path/Frameworks",
				);
				MARKETING_VERSION = 1.0;
				PRODUCT_BUNDLE_IDENTIFIER = org.AlamofireTest;
				PRODUCT_NAME = "$(TARGET_NAME)";
				SWIFT_EMIT_LOC_STRINGS = YES;
				SWIFT_VERSION = 5.0;
				TARGETED_DEVICE_FAMILY = "1,2";
			};
			name = Debug;
		};
		03C741F62881C29B0061AC44 /* Release */ = {
			isa = XCBuildConfiguration;
			baseConfigurationReference = 699D7E5C708A50E2264763F9 /* Pods-AlamofireTest.release.xcconfig */;
			buildSettings = {
				ASSETCATALOG_COMPILER_APPICON_NAME = AppIcon;
				ASSETCATALOG_COMPILER_GLOBAL_ACCENT_COLOR_NAME = AccentColor;
				CODE_SIGN_STYLE = Automatic;
				CURRENT_PROJECT_VERSION = 1;
				GENERATE_INFOPLIST_FILE = YES;
				INFOPLIST_FILE = AlamofireTest/Resources/Config/Info.plist;
				INFOPLIST_KEY_UIApplicationSupportsIndirectInputEvents = YES;
				INFOPLIST_KEY_UILaunchStoryboardName = LaunchScreen;
				INFOPLIST_KEY_UIMainStoryboardFile = LaunchScreen;
				INFOPLIST_KEY_UISupportedInterfaceOrientations_iPad = "UIInterfaceOrientationPortrait UIInterfaceOrientationPortraitUpsideDown UIInterfaceOrientationLandscapeLeft UIInterfaceOrientationLandscapeRight";
				INFOPLIST_KEY_UISupportedInterfaceOrientations_iPhone = "UIInterfaceOrientationPortrait UIInterfaceOrientationLandscapeLeft UIInterfaceOrientationLandscapeRight";
				LD_RUNPATH_SEARCH_PATHS = (
					"$(inherited)",
					"@executable_path/Frameworks",
				);
				MARKETING_VERSION = 1.0;
				PRODUCT_BUNDLE_IDENTIFIER = org.AlamofireTest;
				PRODUCT_NAME = "$(TARGET_NAME)";
				SWIFT_EMIT_LOC_STRINGS = YES;
				SWIFT_VERSION = 5.0;
				TARGETED_DEVICE_FAMILY = "1,2";
			};
			name = Release;
		};
/* End XCBuildConfiguration section */

/* Begin XCConfigurationList section */
		03C741DB2881C29A0061AC44 /* Build configuration list for PBXProject "AlamofireTest" */ = {
			isa = XCConfigurationList;
			buildConfigurations = (
				03C741F22881C29B0061AC44 /* Debug */,
				03C741F32881C29B0061AC44 /* Release */,
			);
			defaultConfigurationIsVisible = 0;
			defaultConfigurationName = Release;
		};
		03C741F42881C29B0061AC44 /* Build configuration list for PBXNativeTarget "AlamofireTest" */ = {
			isa = XCConfigurationList;
			buildConfigurations = (
				03C741F52881C29B0061AC44 /* Debug */,
				03C741F62881C29B0061AC44 /* Release */,
			);
			defaultConfigurationIsVisible = 0;
			defaultConfigurationName = Release;
		};
/* End XCConfigurationList section */
	};
	rootObject = 03C741D82881C29A0061AC44 /* Project object */;
}
